
Microsoft Visual Studio Solution File, Format Version 12.00
# Visual Studio 2012
Project("{FAE04EC0-301F-11D3-BF4B-00C04F79EFBC}") = "Dialer", "Dialer.csproj", "{BEEAEF22-A51C-4602-B2B9-E2ADF320B91F}"
EndProject
Project("{FAE04EC0-301F-11D3-BF4B-00C04F79EFBC}") = "DialerService", "..\DialerService\DialerService.csproj", "{9E87266C-3688-4853-B7B8-489D0B53BFFC}"
EndProject
Project("{FAE04EC0-301F-11D3-BF4B-00C04F79EFBC}") = "DialerInit", "..\DialerInit\DialerInit\DialerInit.csproj", "{ECA2881C-32C6-495E-B717-FFEC0C819AA4}"
EndProject
Project("{6141683F-8A12-4E36-9623-2EB02B2C2303}") = "3CDialerSetup", "..\3CDialerSetup\3CDialerSetup.isproj", "{00E942E9-4B00-40B6-971C-51442390FEBA}"
EndProject
Global
	GlobalSection(SolutionConfigurationPlatforms) = preSolution
		CD_ROM|Any CPU = CD_ROM|Any CPU
		Debug|Any CPU = Debug|Any CPU
		DVD-5|Any CPU = DVD-5|Any CPU
		Release|Any CPU = Release|Any CPU
		SingleImage|Any CPU = SingleImage|Any CPU
	EndGlobalSection
	GlobalSection(ProjectConfigurationPlatforms) = postSolution
		{BEEAEF22-A51C-4602-B2B9-E2ADF320B91F}.CD_ROM|Any CPU.ActiveCfg = Release|Any CPU
		{BEEAEF22-A51C-4602-B2B9-E2ADF320B91F}.CD_ROM|Any CPU.Build.0 = Release|Any CPU
		{BEEAEF22-A51C-4602-B2B9-E2ADF320B91F}.Debug|Any CPU.ActiveCfg = Debug|Any CPU
		{BEEAEF22-A51C-4602-B2B9-E2ADF320B91F}.Debug|Any CPU.Build.0 = Debug|Any CPU
		{BEEAEF22-A51C-4602-B2B9-E2ADF320B91F}.DVD-5|Any CPU.ActiveCfg = Debug|Any CPU
		{BEEAEF22-A51C-4602-B2B9-E2ADF320B91F}.DVD-5|Any CPU.Build.0 = Debug|Any CPU
		{BEEAEF22-A51C-4602-B2B9-E2ADF320B91F}.Release|Any CPU.ActiveCfg = Release|Any CPU
		{BEEAEF22-A51C-4602-B2B9-E2ADF320B91F}.Release|Any CPU.Build.0 = Release|Any CPU
		{BEEAEF22-A51C-4602-B2B9-E2ADF320B91F}.SingleImage|Any CPU.ActiveCfg = Release|Any CPU
		{BEEAEF22-A51C-4602-B2B9-E2ADF320B91F}.SingleImage|Any CPU.Build.0 = Release|Any CPU
		{9E87266C-3688-4853-B7B8-489D0B53BFFC}.CD_ROM|Any CPU.ActiveCfg = Release|Any CPU
		{9E87266C-3688-4853-B7B8-489D0B53BFFC}.CD_ROM|Any CPU.Build.0 = Release|Any CPU
		{9E87266C-3688-4853-B7B8-489D0B53BFFC}.Debug|Any CPU.ActiveCfg = Debug|Any CPU
		{9E87266C-3688-4853-B7B8-489D0B53BFFC}.Debug|Any CPU.Build.0 = Debug|Any CPU
		{9E87266C-3688-4853-B7B8-489D0B53BFFC}.DVD-5|Any CPU.ActiveCfg = Debug|Any CPU
		{9E87266C-3688-4853-B7B8-489D0B53BFFC}.DVD-5|Any CPU.Build.0 = Debug|Any CPU
		{9E87266C-3688-4853-B7B8-489D0B53BFFC}.Release|Any CPU.ActiveCfg = Release|Any CPU
		{9E87266C-3688-4853-B7B8-489D0B53BFFC}.Release|Any CPU.Build.0 = Release|Any CPU
		{9E87266C-3688-4853-B7B8-489D0B53BFFC}.SingleImage|Any CPU.ActiveCfg = Release|Any CPU
		{9E87266C-3688-4853-B7B8-489D0B53BFFC}.SingleImage|Any CPU.Build.0 = Release|Any CPU
		{ECA2881C-32C6-495E-B717-FFEC0C819AA4}.CD_ROM|Any CPU.ActiveCfg = Release|Any CPU
		{ECA2881C-32C6-495E-B717-FFEC0C819AA4}.CD_ROM|Any CPU.Build.0 = Release|Any CPU
		{ECA2881C-32C6-495E-B717-FFEC0C819AA4}.Debug|Any CPU.ActiveCfg = Debug|Any CPU
		{ECA2881C-32C6-495E-B717-FFEC0C819AA4}.Debug|Any CPU.Build.0 = Debug|Any CPU
		{ECA2881C-32C6-495E-B717-FFEC0C819AA4}.DVD-5|Any CPU.ActiveCfg = Debug|Any CPU
		{ECA2881C-32C6-495E-B717-FFEC0C819AA4}.DVD-5|Any CPU.Build.0 = Debug|Any CPU
		{ECA2881C-32C6-495E-B717-FFEC0C819AA4}.Release|Any CPU.ActiveCfg = Release|Any CPU
		{ECA2881C-32C6-495E-B717-FFEC0C819AA4}.Release|Any CPU.Build.0 = Release|Any CPU
		{ECA2881C-32C6-495E-B717-FFEC0C819AA4}.SingleImage|Any CPU.ActiveCfg = Release|Any CPU
		{ECA2881C-32C6-495E-B717-FFEC0C819AA4}.SingleImage|Any CPU.Build.0 = Release|Any CPU
		{00E942E9-4B00-40B6-971C-51442390FEBA}.CD_ROM|Any CPU.ActiveCfg = CD_ROM
		{00E942E9-4B00-40B6-971C-51442390FEBA}.CD_ROM|Any CPU.Build.0 = CD_ROM
		{00E942E9-4B00-40B6-971C-51442390FEBA}.Debug|Any CPU.ActiveCfg = DVD-5
		{00E942E9-4B00-40B6-971C-51442390FEBA}.Debug|Any CPU.Build.0 = DVD-5
		{00E942E9-4B00-40B6-971C-51442390FEBA}.DVD-5|Any CPU.ActiveCfg = DVD-5
		{00E942E9-4B00-40B6-971C-51442390FEBA}.DVD-5|Any CPU.Build.0 = DVD-5
		{00E942E9-4B00-40B6-971C-51442390FEBA}.Release|Any CPU.ActiveCfg = SingleImage
		{00E942E9-4B00-40B6-971C-51442390FEBA}.Release|Any CPU.Build.0 = SingleImage
		{00E942E9-4B00-40B6-971C-51442390FEBA}.SingleImage|Any CPU.ActiveCfg = SingleImage
		{00E942E9-4B00-40B6-971C-51442390FEBA}.SingleImage|Any CPU.Build.0 = SingleImage
	EndGlobalSection
	GlobalSection(SolutionProperties) = preSolution
		HideSolutionNode = FALSE
	EndGlobalSection
EndGlobal
