
Microsoft Visual Studio Solution File, Format Version 12.00
# Visual Studio 2012
Project("{FAE04EC0-301F-11D3-BF4B-00C04F79EFBC}") = "3cdialerclient", "3cdialerclient\3cdialerclient.csproj", "{45B35639-BB6B-45E2-A70D-1585A7595491}"
EndProject
Project("{FAE04EC0-301F-11D3-BF4B-00C04F79EFBC}") = "PluginLoader", "..\..\CallLauncher\PluginLoader\PluginLoader.csproj", "{E0A23325-7865-4DC5-8F16-C1BA5511E6FC}"
EndProject
Project("{FAE04EC0-301F-11D3-BF4B-00C04F79EFBC}") = "DialerInit", "..\DialerInit\DialerInit\DialerInit.csproj", "{ECA2881C-32C6-495E-B717-FFEC0C819AA4}"
EndProject
Project("{6141683F-8A12-4E36-9623-2EB02B2C2303}") = "3CDialerSetup", "3CDialerSetup\3CDialerSetup.isproj", "{7C386431-3671-4687-84FB-BA7FB5F0532F}"
EndProject
Global
	GlobalSection(SolutionConfigurationPlatforms) = preSolution
		CD_ROM|Any CPU = CD_ROM|Any CPU
		Debug|Any CPU = Debug|Any CPU
		DVD-5|Any CPU = DVD-5|Any CPU
		Release|Any CPU = Release|Any CPU
		SingleImage|Any CPU = SingleImage|Any CPU
	EndGlobalSection
	GlobalSection(ProjectConfigurationPlatforms) = postSolution
		{45B35639-BB6B-45E2-A70D-1585A7595491}.CD_ROM|Any CPU.ActiveCfg = Release|Any CPU
		{45B35639-BB6B-45E2-A70D-1585A7595491}.CD_ROM|Any CPU.Build.0 = Release|Any CPU
		{45B35639-BB6B-45E2-A70D-1585A7595491}.Debug|Any CPU.ActiveCfg = Debug|Any CPU
		{45B35639-BB6B-45E2-A70D-1585A7595491}.Debug|Any CPU.Build.0 = Debug|Any CPU
		{45B35639-BB6B-45E2-A70D-1585A7595491}.DVD-5|Any CPU.ActiveCfg = Debug|Any CPU
		{45B35639-BB6B-45E2-A70D-1585A7595491}.DVD-5|Any CPU.Build.0 = Debug|Any CPU
		{45B35639-BB6B-45E2-A70D-1585A7595491}.Release|Any CPU.ActiveCfg = Release|Any CPU
		{45B35639-BB6B-45E2-A70D-1585A7595491}.Release|Any CPU.Build.0 = Release|Any CPU
		{45B35639-BB6B-45E2-A70D-1585A7595491}.SingleImage|Any CPU.ActiveCfg = Release|Any CPU
		{45B35639-BB6B-45E2-A70D-1585A7595491}.SingleImage|Any CPU.Build.0 = Release|Any CPU
		{E0A23325-7865-4DC5-8F16-C1BA5511E6FC}.CD_ROM|Any CPU.ActiveCfg = Release|Any CPU
		{E0A23325-7865-4DC5-8F16-C1BA5511E6FC}.CD_ROM|Any CPU.Build.0 = Release|Any CPU
		{E0A23325-7865-4DC5-8F16-C1BA5511E6FC}.Debug|Any CPU.ActiveCfg = Debug|Any CPU
		{E0A23325-7865-4DC5-8F16-C1BA5511E6FC}.Debug|Any CPU.Build.0 = Debug|Any CPU
		{E0A23325-7865-4DC5-8F16-C1BA5511E6FC}.DVD-5|Any CPU.ActiveCfg = Debug|Any CPU
		{E0A23325-7865-4DC5-8F16-C1BA5511E6FC}.DVD-5|Any CPU.Build.0 = Debug|Any CPU
		{E0A23325-7865-4DC5-8F16-C1BA5511E6FC}.Release|Any CPU.ActiveCfg = Release|Any CPU
		{E0A23325-7865-4DC5-8F16-C1BA5511E6FC}.Release|Any CPU.Build.0 = Release|Any CPU
		{E0A23325-7865-4DC5-8F16-C1BA5511E6FC}.SingleImage|Any CPU.ActiveCfg = Release|Any CPU
		{E0A23325-7865-4DC5-8F16-C1BA5511E6FC}.SingleImage|Any CPU.Build.0 = Release|Any CPU
		{ECA2881C-32C6-495E-B717-FFEC0C819AA4}.CD_ROM|Any CPU.ActiveCfg = Release|Any CPU
		{ECA2881C-32C6-495E-B717-FFEC0C819AA4}.CD_ROM|Any CPU.Build.0 = Release|Any CPU
		{ECA2881C-32C6-495E-B717-FFEC0C819AA4}.Debug|Any CPU.ActiveCfg = Debug|Any CPU
		{ECA2881C-32C6-495E-B717-FFEC0C819AA4}.Debug|Any CPU.Build.0 = Debug|Any CPU
		{ECA2881C-32C6-495E-B717-FFEC0C819AA4}.DVD-5|Any CPU.ActiveCfg = Debug|Any CPU
		{ECA2881C-32C6-495E-B717-FFEC0C819AA4}.DVD-5|Any CPU.Build.0 = Debug|Any CPU
		{ECA2881C-32C6-495E-B717-FFEC0C819AA4}.Release|Any CPU.ActiveCfg = Release|Any CPU
		{ECA2881C-32C6-495E-B717-FFEC0C819AA4}.Release|Any CPU.Build.0 = Release|Any CPU
		{ECA2881C-32C6-495E-B717-FFEC0C819AA4}.SingleImage|Any CPU.ActiveCfg = Release|Any CPU
		{ECA2881C-32C6-495E-B717-FFEC0C819AA4}.SingleImage|Any CPU.Build.0 = Release|Any CPU
		{7C386431-3671-4687-84FB-BA7FB5F0532F}.CD_ROM|Any CPU.ActiveCfg = CD_ROM
		{7C386431-3671-4687-84FB-BA7FB5F0532F}.CD_ROM|Any CPU.Build.0 = CD_ROM
		{7C386431-3671-4687-84FB-BA7FB5F0532F}.Debug|Any CPU.ActiveCfg = DVD-5
		{7C386431-3671-4687-84FB-BA7FB5F0532F}.Debug|Any CPU.Build.0 = DVD-5
		{7C386431-3671-4687-84FB-BA7FB5F0532F}.DVD-5|Any CPU.ActiveCfg = DVD-5
		{7C386431-3671-4687-84FB-BA7FB5F0532F}.DVD-5|Any CPU.Build.0 = DVD-5
		{7C386431-3671-4687-84FB-BA7FB5F0532F}.Release|Any CPU.ActiveCfg = SingleImage
		{7C386431-3671-4687-84FB-BA7FB5F0532F}.Release|Any CPU.Build.0 = SingleImage
		{7C386431-3671-4687-84FB-BA7FB5F0532F}.SingleImage|Any CPU.ActiveCfg = SingleImage
		{7C386431-3671-4687-84FB-BA7FB5F0532F}.SingleImage|Any CPU.Build.0 = SingleImage
	EndGlobalSection
	GlobalSection(SolutionProperties) = preSolution
		HideSolutionNode = FALSE
	EndGlobalSection
EndGlobal
